
Microsoft Visual Studio Solution File, Format Version 12.00
# Visual Studio Version 17
VisualStudioVersion = 17.2.32519.379
MinimumVisualStudioVersion = 10.0.40219.1
Project("{8BC9CEB8-8B4A-11D0-8D11-00A0C91BC942}") = "Assignment4", "Assignment4.vcxproj", "{618F23BC-6EEE-4E0A-A46A-479406EFCC1D}"
EndProject
Global
	GlobalSection(SolutionConfigurationPlatforms) = preSolution
		Debug|x64 = Debug|x64
		Debug|x86 = Debug|x86
		Release|x64 = Release|x64
		Release|x86 = Release|x86
	EndGlobalSection
	GlobalSection(ProjectConfigurationPlatforms) = postSolution
		{618F23BC-6EEE-4E0A-A46A-479406EFCC1D}.Debug|x64.ActiveCfg = Debug|x64
		{618F23BC-6EEE-4E0A-A46A-479406EFCC1D}.Debug|x64.Build.0 = Debug|x64
		{618F23BC-6EEE-4E0A-A46A-479406EFCC1D}.Debug|x86.ActiveCfg = Debug|Win32
		{618F23BC-6EEE-4E0A-A46A-479406EFCC1D}.Debug|x86.Build.0 = Debug|Win32
		{618F23BC-6EEE-4E0A-A46A-479406EFCC1D}.Release|x64.ActiveCfg = Release|x64
		{618F23BC-6EEE-4E0A-A46A-479406EFCC1D}.Release|x64.Build.0 = Release|x64
		{618F23BC-6EEE-4E0A-A46A-479406EFCC1D}.Release|x86.ActiveCfg = Release|Win32
		{618F23BC-6EEE-4E0A-A46A-479406EFCC1D}.Release|x86.Build.0 = Release|Win32
	EndGlobalSection
	GlobalSection(SolutionProperties) = preSolution
		HideSolutionNode = FALSE
	EndGlobalSection
	GlobalSection(ExtensibilityGlobals) = postSolution
		SolutionGuid = {6C5442C8-F969-46C5-8BB1-E0035BCD7DA5}
	EndGlobalSection
EndGlobal
